
Microsoft Visual Studio Solution File, Format Version 12.00
# Visual Studio Version 17
VisualStudioVersion = 17.10.34916.146
MinimumVisualStudioVersion = 10.0.40219.1
Project("{FAE04EC0-301F-11D3-BF4B-00C04F79EFBC}") = "LOLIllustratedBook", "LOLIllustratedBook.csproj", "{AE91092D-86B8-4078-8793-6B1869FCE0F9}"
EndProject
Global
	GlobalSection(SolutionConfigurationPlatforms) = preSolution
		Debug|Any CPU = Debug|Any CPU
		Release|Any CPU = Release|Any CPU
	EndGlobalSection
	GlobalSection(ProjectConfigurationPlatforms) = postSolution
		{AE91092D-86B8-4078-8793-6B1869FCE0F9}.Debug|Any CPU.ActiveCfg = Debug|Any CPU
		{AE91092D-86B8-4078-8793-6B1869FCE0F9}.Debug|Any CPU.Build.0 = Debug|Any CPU
		{AE91092D-86B8-4078-8793-6B1869FCE0F9}.Release|Any CPU.ActiveCfg = Release|Any CPU
		{AE91092D-86B8-4078-8793-6B1869FCE0F9}.Release|Any CPU.Build.0 = Release|Any CPU
	EndGlobalSection
	GlobalSection(SolutionProperties) = preSolution
		HideSolutionNode = FALSE
	EndGlobalSection
	GlobalSection(ExtensibilityGlobals) = postSolution
		SolutionGuid = {D34131D7-5359-4BCD-9588-BCDE3A79C576}
	EndGlobalSection
EndGlobal
